
Microsoft Visual Studio Solution File, Format Version 12.00
# Visual Studio Version 17
VisualStudioVersion = 17.2.32516.85
MinimumVisualStudioVersion = 10.0.40219.1
Project("{FAE04EC0-301F-11D3-BF4B-00C04F79EFBC}") = "Homework31052022", "Homework31052022\Homework31052022.csproj", "{9477EA36-C912-49AD-A344-819483A4D401}"
EndProject
Global
	GlobalSection(SolutionConfigurationPlatforms) = preSolution
		Debug|Any CPU = Debug|Any CPU
		Release|Any CPU = Release|Any CPU
	EndGlobalSection
	GlobalSection(ProjectConfigurationPlatforms) = postSolution
		{9477EA36-C912-49AD-A344-819483A4D401}.Debug|Any CPU.ActiveCfg = Debug|Any CPU
		{9477EA36-C912-49AD-A344-819483A4D401}.Debug|Any CPU.Build.0 = Debug|Any CPU
		{9477EA36-C912-49AD-A344-819483A4D401}.Release|Any CPU.ActiveCfg = Release|Any CPU
		{9477EA36-C912-49AD-A344-819483A4D401}.Release|Any CPU.Build.0 = Release|Any CPU
	EndGlobalSection
	GlobalSection(SolutionProperties) = preSolution
		HideSolutionNode = FALSE
	EndGlobalSection
	GlobalSection(ExtensibilityGlobals) = postSolution
		SolutionGuid = {C64F8F06-59B5-442D-981F-8311B6B1899D}
	EndGlobalSection
EndGlobal
